function:
- a: 0.0
  cls: ConstFunc
  duration: 5.0
  loop: 5
  name: Const value
  noisy_parameter_samples:
    a:
    - 0.6122757787589771
    - 0.43927085801215543
    - 0.3863891729369601
    - 0.5478653681678745
    - 0.3894604918069633
  noisy_parameters:
    a:
      cls: GaussianNoise
      lock_after_forked: true
      max_val: 1
      mean_val: 0.5
      min_val: 0
      sample_each_loop: true
      stdev: 0.1
  t_offset: 0.0
  timebase_denominator: 1
  timebase_numerator: 0
shape:
  groups: []
  shapes:
  - cls: CeedPaintFreeformPolygon
    is_valid: true
    line_color:
    - 0
    - 1
    - 0
    - 1
    line_color_locked:
    - 0.4
    - 0.56
    - 0.36
    - 1
    line_width: 1.0
    locked: false
    name: Shape
    points:
    - 364.7196652719665
    - 811.6820083682048
    - 356.68619246861925
    - 779.5481171548157
    - 353.4728033472803
    - 760.2677824267822
    - 353.4728033472803
    - 713.673640167368
    - 371.1464435146444
    - 679.9330543933095
    - 404.88702928870293
    - 649.4058577405898
    - 451.4811715481171
    - 628.5188284518866
    - 510.92887029288704
    - 618.8786610878699
    - 546.276150627615
    - 618.8786610878699
    - 559.1297071129707
    - 625.3054393305478
    - 565.5564853556485
    - 639.765690376573
    - 571.9832635983264
    - 659.0460251046065
    - 571.9832635983264
    - 679.9330543933095
    - 571.9832635983264
    - 699.2133891213431
    - 565.5564853556485
    - 716.8870292887069
    - 560.7364016736402
    - 729.7405857740625
    - 557.5230125523012
    - 739.3807531380793
    - 555.9163179916318
    - 745.8075313807572
    - 555.9163179916318
    - 749.020920502096
    - 555.9163179916318
    - 753.8410041841043
    - 554.3096234309623
    - 747.4142259414266
    - 554.3096234309623
    - 731.347280334732
    - 554.3096234309623
    - 712.0669456066987
    - 565.5564853556485
    - 692.7866108786652
    - 580.0167364016736
    - 676.7196652719705
    - 605.723849372385
    - 665.4728033472843
    - 637.8577405857741
    - 659.0460251046065
    - 674.8117154811715
    - 659.0460251046065
    - 726.2259414225941
    - 665.4728033472843
    - 766.3933054393306
    - 686.3598326359872
    - 785.673640167364
    - 705.640167364021
    - 795.3138075313807
    - 724.9205020920542
    - 796.9205020920502
    - 742.5941422594182
    - 793.7071129707113
    - 757.0543933054433
    - 785.673640167364
    - 771.5146443514684
    - 774.4267782426779
    - 790.7949790795019
    - 753.5397489539748
    - 818.1087866108825
    - 732.6527196652719
    - 838.9958158995855
    - 713.3723849372385
    - 853.4560669456107
    - 698.9121338912133
    - 867.9163179916358
    - 695.6987447698745
    - 872.7364016736442
    - 692.4853556485356
    - 874.3430962343136
    - 692.4853556485356
    - 877.5564853556525
    - 692.4853556485356
    - 879.163179916322
    - 690.8786610878661
    - 879.163179916322
    - 681.2384937238494
    - 879.163179916322
    - 661.9581589958159
    - 879.163179916322
    - 633.0376569037657
    - 874.3430962343136
    - 604.1171548117155
    - 869.5230125523052
    - 580.0167364016736
    - 864.7029288702969
    - 575.1966527196653
    - 863.0962343096274
    - 571.9832635983264
    - 863.0962343096274
    - 568.7698744769874
    - 859.8828451882885
    - 563.9497907949791
    - 858.276150627619
    - 555.9163179916318
    - 851.8493723849413
    - 547.8828451882845
    - 847.0292887029328
    - 543.0627615062762
    - 843.815899581594
    - 539.8493723849373
    - 840.6025104602551
    - 536.6359832635983
    - 838.9958158995855
    - 530.2092050209205
    - 837.3891213389161
    - 523.7824267782427
    - 837.3891213389161
    - 518.9623430962343
    - 837.3891213389161
    - 507.71548117154816
    - 840.6025104602551
    - 499.68200836820085
    - 848.6359832636023
    - 493.255230125523
    - 851.8493723849413
    - 490.0418410041841
    - 856.6694560669496
    - 488.43514644351467
    - 863.0962343096274
    - 486.82845188284523
    - 872.7364016736442
    - 486.82845188284523
    - 882.3765690376608
    - 485.2217573221757
    - 893.6234309623471
    - 483.61506276150624
    - 906.4769874477029
    - 483.61506276150624
    - 919.3305439330584
    - 483.61506276150624
    - 932.184100418414
    - 482.0083682008368
    - 945.0376569037696
    - 480.40167364016736
    - 946.6443514644391
    - 475.58158995815904
    - 948.2510460251086
    - 467.54811715481173
    - 949.8577405857781
    - 449.8744769874477
    - 949.8577405857781
    - 414.5271966527197
    - 946.6443514644391
    - 374.35983263598325
    - 938.6108786610919
    - 330.97907949790795
    - 928.9707112970751
    - 305.27196652719664
    - 922.5439330543973
    - 295.6317991631799
    - 922.5439330543973
    - 294.02510460251045
    - 920.9372384937278
    - 290.8117154811715
    - 920.9372384937278
    - 287.59832635983264
    - 917.7238493723889
    - 281.1715481171548
    - 912.9037656903807
    - 279.56485355648533
    - 911.2970711297113
    - 277.9581589958159
    - 909.6903765690419
    selection_point:
    - 364.7196652719665
    - 811.6820083682048
stage:
- cls: CeedStage
  color_b: true
  color_g: false
  color_r: false
  complete_on: all
  disable_pre_compute: false
  functions:
  - cls: CeedFuncRef
    ref_name: Const value
  - A: 0.5
    b: 0.5
    cls: CosFunc
    duration: 1.0
    f: 2.0
    loop: 1
    name: Cos
    noisy_parameter_samples: {}
    noisy_parameters: {}
    t_offset: 0.0
    th0: 0.0
    timebase_denominator: 1
    timebase_numerator: 0
  - cls: CeedFuncRef
    ref_name: Const value
  loop: 1
  name: Random stage
  order: serial
  shapes:
  - keep_dark: false
    name: Shape
  stages: []
